// !$*UTF8*$!
{
	archiveVersion = 1;
	classes = {
	};
	objectVersion = 50;
	objects = {

/* Begin PBXBuildFile section */
		1A91456825C4390600DEBFCC /* AppDelegate.swift in Sources */ = {isa = PBXBuildFile; fileRef = 1A91456725C4390600DEBFCC /* AppDelegate.swift */; };
		1A91456A25C4390600DEBFCC /* SceneDelegate.swift in Sources */ = {isa = PBXBuildFile; fileRef = 1A91456925C4390600DEBFCC /* SceneDelegate.swift */; };
		1A91456C25C4390600DEBFCC /* ViewController.swift in Sources */ = {isa = PBXBuildFile; fileRef = 1A91456B25C4390600DEBFCC /* ViewController.swift */; };
		1A91456F25C4390600DEBFCC /* Main.storyboard in Resources */ = {isa = PBXBuildFile; fileRef = 1A91456D25C4390600DEBFCC /* Main.storyboard */; };
		1A91457125C4390800DEBFCC /* Assets.xcassets in Resources */ = {isa = PBXBuildFile; fileRef = 1A91457025C4390800DEBFCC /* Assets.xcassets */; };
		1A91457425C4390800DEBFCC /* LaunchScreen.storyboard in Resources */ = {isa = PBXBuildFile; fileRef = 1A91457225C4390800DEBFCC /* LaunchScreen.storyboard */; };
		1A91457F25C4390800DEBFCC /* UdderTests.swift in Sources */ = {isa = PBXBuildFile; fileRef = 1A91457E25C4390800DEBFCC /* UdderTests.swift */; };
		1A91458A25C4390800DEBFCC /* UdderUITests.swift in Sources */ = {isa = PBXBuildFile; fileRef = 1A91458925C4390800DEBFCC /* UdderUITests.swift */; };
/* End PBXBuildFile section */

/* Begin PBXContainerItemProxy section */
		1A91457B25C4390800DEBFCC /* PBXContainerItemProxy */ = {
			isa = PBXContainerItemProxy;
			containerPortal = 1A91455C25C4390600DEBFCC /* Project object */;
			proxyType = 1;
			remoteGlobalIDString = 1A91456325C4390600DEBFCC;
			remoteInfo = Udder;
		};
		1A91458625C4390800DEBFCC /* PBXContainerItemProxy */ = {
			isa = PBXContainerItemProxy;
			containerPortal = 1A91455C25C4390600DEBFCC /* Project object */;
			proxyType = 1;
			remoteGlobalIDString = 1A91456325C4390600DEBFCC;
			remoteInfo = Udder;
		};
/* End PBXContainerItemProxy section */

/* Begin PBXFileReference section */
		1A91456425C4390600DEBFCC /* Udder.app */ = {isa = PBXFileReference; explicitFileType = wrapper.application; includeInIndex = 0; path = Udder.app; sourceTree = BUILT_PRODUCTS_DIR; };
		1A91456725C4390600DEBFCC /* AppDelegate.swift */ = {isa = PBXFileReference; lastKnownFileType = sourcecode.swift; path = AppDelegate.swift; sourceTree = "<group>"; };
		1A91456925C4390600DEBFCC /* SceneDelegate.swift */ = {isa = PBXFileReference; lastKnownFileType = sourcecode.swift; path = SceneDelegate.swift; sourceTree = "<group>"; };
		1A91456B25C4390600DEBFCC /* ViewController.swift */ = {isa = PBXFileReference; lastKnownFileType = sourcecode.swift; path = ViewController.swift; sourceTree = "<group>"; };
		1A91456E25C4390600DEBFCC /* Base */ = {isa = PBXFileReference; lastKnownFileType = file.storyboard; name = Base; path = Base.lproj/Main.storyboard; sourceTree = "<group>"; };
		1A91457025C4390800DEBFCC /* Assets.xcassets */ = {isa = PBXFileReference; lastKnownFileType = folder.assetcatalog; path = Assets.xcassets; sourceTree = "<group>"; };
		1A91457325C4390800DEBFCC /* Base */ = {isa = PBXFileReference; lastKnownFileType = file.storyboard; name = Base; path = Base.lproj/LaunchScreen.storyboard; sourceTree = "<group>"; };
		1A91457525C4390800DEBFCC /* Info.plist */ = {isa = PBXFileReference; lastKnownFileType = text.plist.xml; path = Info.plist; sourceTree = "<group>"; };
		1A91457A25C4390800DEBFCC /* UdderTests.xctest */ = {isa = PBXFileReference; explicitFileType = wrapper.cfbundle; includeInIndex = 0; path = UdderTests.xctest; sourceTree = BUILT_PRODUCTS_DIR; };
		1A91457E25C4390800DEBFCC /* UdderTests.swift */ = {isa = PBXFileReference; lastKnownFileType = sourcecode.swift; path = UdderTests.swift; sourceTree = "<group>"; };
		1A91458025C4390800DEBFCC /* Info.plist */ = {isa = PBXFileReference; lastKnownFileType = text.plist.xml; path = Info.plist; sourceTree = "<group>"; };
		1A91458525C4390800DEBFCC /* UdderUITests.xctest */ = {isa = PBXFileReference; explicitFileType = wrapper.cfbundle; includeInIndex = 0; path = UdderUITests.xctest; sourceTree = BUILT_PRODUCTS_DIR; };
		1A91458925C4390800DEBFCC /* UdderUITests.swift */ = {isa = PBXFileReference; lastKnownFileType = sourcecode.swift; path = UdderUITests.swift; sourceTree = "<group>"; };
		1A91458B25C4390800DEBFCC /* Info.plist */ = {isa = PBXFileReference; lastKnownFileType = text.plist.xml; path = Info.plist; sourceTree = "<group>"; };
/* End PBXFileReference section */

/* Begin PBXFrameworksBuildPhase section */
		1A91456125C4390600DEBFCC /* Frameworks */ = {
			isa = PBXFrameworksBuildPhase;
			buildActionMask = 2147483647;
			files = (
			);
			runOnlyForDeploymentPostprocessing = 0;
		};
		1A91457725C4390800DEBFCC /* Frameworks */ = {
			isa = PBXFrameworksBuildPhase;
			buildActionMask = 2147483647;
			files = (
			);
			runOnlyForDeploymentPostprocessing = 0;
		};
		1A91458225C4390800DEBFCC /* Frameworks */ = {
			isa = PBXFrameworksBuildPhase;
			buildActionMask = 2147483647;
			files = (
			);
			runOnlyForDeploymentPostprocessing = 0;
		};
/* End PBXFrameworksBuildPhase section */

/* Begin PBXGroup section */
		1A91455B25C4390600DEBFCC = {
			isa = PBXGroup;
			children = (
				1A91456625C4390600DEBFCC /* Udder */,
				1A91457D25C4390800DEBFCC /* UdderTests */,
				1A91458825C4390800DEBFCC /* UdderUITests */,
				1A91456525C4390600DEBFCC /* Products */,
			);
			sourceTree = "<group>";
		};
		1A91456525C4390600DEBFCC /* Products */ = {
			isa = PBXGroup;
			children = (
				1A91456425C4390600DEBFCC /* Udder.app */,
				1A91457A25C4390800DEBFCC /* UdderTests.xctest */,
				1A91458525C4390800DEBFCC /* UdderUITests.xctest */,
			);
			name = Products;
			sourceTree = "<group>";
		};
		1A91456625C4390600DEBFCC /* Udder */ = {
			isa = PBXGroup;
			children = (
				1A91456725C4390600DEBFCC /* AppDelegate.swift */,
				1A91456925C4390600DEBFCC /* SceneDelegate.swift */,
				1A91456B25C4390600DEBFCC /* ViewController.swift */,
				1A91456D25C4390600DEBFCC /* Main.storyboard */,
				1A91457025C4390800DEBFCC /* Assets.xcassets */,
				1A91457225C4390800DEBFCC /* LaunchScreen.storyboard */,
				1A91457525C4390800DEBFCC /* Info.plist */,
			);
			path = Udder;
			sourceTree = "<group>";
		};
		1A91457D25C4390800DEBFCC /* UdderTests */ = {
			isa = PBXGroup;
			children = (
				1A91457E25C4390800DEBFCC /* UdderTests.swift */,
				1A91458025C4390800DEBFCC /* Info.plist */,
			);
			path = UdderTests;
			sourceTree = "<group>";
		};
		1A91458825C4390800DEBFCC /* UdderUITests */ = {
			isa = PBXGroup;
			children = (
				1A91458925C4390800DEBFCC /* UdderUITests.swift */,
				1A91458B25C4390800DEBFCC /* Info.plist */,
			);
			path = UdderUITests;
			sourceTree = "<group>";
		};
/* End PBXGroup section */

/* Begin PBXNativeTarget section */
		1A91456325C4390600DEBFCC /* Udder */ = {
			isa = PBXNativeTarget;
			buildConfigurationList = 1A91458E25C4390800DEBFCC /* Build configuration list for PBXNativeTarget "Udder" */;
			buildPhases = (
				1A91456025C4390600DEBFCC /* Sources */,
				1A91456125C4390600DEBFCC /* Frameworks */,
				1A91456225C4390600DEBFCC /* Resources */,
			);
			buildRules = (
			);
			dependencies = (
			);
			name = Udder;
			productName = Udder;
			productReference = 1A91456425C4390600DEBFCC /* Udder.app */;
			productType = "com.apple.product-type.application";
		};
		1A91457925C4390800DEBFCC /* UdderTests */ = {
			isa = PBXNativeTarget;
			buildConfigurationList = 1A91459125C4390800DEBFCC /* Build configuration list for PBXNativeTarget "UdderTests" */;
			buildPhases = (
				1A91457625C4390800DEBFCC /* Sources */,
				1A91457725C4390800DEBFCC /* Frameworks */,
				1A91457825C4390800DEBFCC /* Resources */,
			);
			buildRules = (
			);
			dependencies = (
				1A91457C25C4390800DEBFCC /* PBXTargetDependency */,
			);
			name = UdderTests;
			productName = UdderTests;
			productReference = 1A91457A25C4390800DEBFCC /* UdderTests.xctest */;
			productType = "com.apple.product-type.bundle.unit-test";
		};
		1A91458425C4390800DEBFCC /* UdderUITests */ = {
			isa = PBXNativeTarget;
			buildConfigurationList = 1A91459425C4390800DEBFCC /* Build configuration list for PBXNativeTarget "UdderUITests" */;
			buildPhases = (
				1A91458125C4390800DEBFCC /* Sources */,
				1A91458225C4390800DEBFCC /* Frameworks */,
				1A91458325C4390800DEBFCC /* Resources */,
			);
			buildRules = (
			);
			dependencies = (
				1A91458725C4390800DEBFCC /* PBXTargetDependency */,
			);
			name = UdderUITests;
			productName = UdderUITests;
			productReference = 1A91458525C4390800DEBFCC /* UdderUITests.xctest */;
			productType = "com.apple.product-type.bundle.ui-testing";
		};
/* End PBXNativeTarget section */

/* Begin PBXProject section */
		1A91455C25C4390600DEBFCC /* Project object */ = {
			isa = PBXProject;
			attributes = {
				LastSwiftUpdateCheck = 1230;
				LastUpgradeCheck = 1230;
				TargetAttributes = {
					1A91456325C4390600DEBFCC = {
						CreatedOnToolsVersion = 12.3;
					};
					1A91457925C4390800DEBFCC = {
						CreatedOnToolsVersion = 12.3;
						TestTargetID = 1A91456325C4390600DEBFCC;
					};
					1A91458425C4390800DEBFCC = {
						CreatedOnToolsVersion = 12.3;
						TestTargetID = 1A91456325C4390600DEBFCC;
					};
				};
			};
			buildConfigurationList = 1A91455F25C4390600DEBFCC /* Build configuration list for PBXProject "Udder" */;
			compatibilityVersion = "Xcode 9.3";
			developmentRegion = en;
			hasScannedForEncodings = 0;
			knownRegions = (
				en,
				Base,
			);
			mainGroup = 1A91455B25C4390600DEBFCC;
			productRefGroup = 1A91456525C4390600DEBFCC /* Products */;
			projectDirPath = "";
			projectRoot = "";
			targets = (
				1A91456325C4390600DEBFCC /* Udder */,
				1A91457925C4390800DEBFCC /* UdderTests */,
				1A91458425C4390800DEBFCC /* UdderUITests */,
			);
		};
/* End PBXProject section */

/* Begin PBXResourcesBuildPhase section */
		1A91456225C4390600DEBFCC /* Resources */ = {
			isa = PBXResourcesBuildPhase;
			buildActionMask = 2147483647;
			files = (
				1A91457425C4390800DEBFCC /* LaunchScreen.storyboard in Resources */,
				1A91457125C4390800DEBFCC /* Assets.xcassets in Resources */,
				1A91456F25C4390600DEBFCC /* Main.storyboard in Resources */,
			);
			runOnlyForDeploymentPostprocessing = 0;
		};
		1A91457825C4390800DEBFCC /* Resources */ = {
			isa = PBXResourcesBuildPhase;
			buildActionMask = 2147483647;
			files = (
			);
			runOnlyForDeploymentPostprocessing = 0;
		};
		1A91458325C4390800DEBFCC /* Resources */ = {
			isa = PBXResourcesBuildPhase;
			buildActionMask = 2147483647;
			files = (
			);
			runOnlyForDeploymentPostprocessing = 0;
		};
/* End PBXResourcesBuildPhase section */

/* Begin PBXSourcesBuildPhase section */
		1A91456025C4390600DEBFCC /* Sources */ = {
			isa = PBXSourcesBuildPhase;
			buildActionMask = 2147483647;
			files = (
				1A91456C25C4390600DEBFCC /* ViewController.swift in Sources */,
				1A91456825C4390600DEBFCC /* AppDelegate.swift in Sources */,
				1A91456A25C4390600DEBFCC /* SceneDelegate.swift in Sources */,
			);
			runOnlyForDeploymentPostprocessing = 0;
		};
		1A91457625C4390800DEBFCC /* Sources */ = {
			isa = PBXSourcesBuildPhase;
			buildActionMask = 2147483647;
			files = (
				1A91457F25C4390800DEBFCC /* UdderTests.swift in Sources */,
			);
			runOnlyForDeploymentPostprocessing = 0;
		};
		1A91458125C4390800DEBFCC /* Sources */ = {
			isa = PBXSourcesBuildPhase;
			buildActionMask = 2147483647;
			files = (
				1A91458A25C4390800DEBFCC /* UdderUITests.swift in Sources */,
			);
			runOnlyForDeploymentPostprocessing = 0;
		};
/* End PBXSourcesBuildPhase section */

/* Begin PBXTargetDependency section */
		1A91457C25C4390800DEBFCC /* PBXTargetDependency */ = {
			isa = PBXTargetDependency;
			target = 1A91456325C4390600DEBFCC /* Udder */;
			targetProxy = 1A91457B25C4390800DEBFCC /* PBXContainerItemProxy */;
		};
		1A91458725C4390800DEBFCC /* PBXTargetDependency */ = {
			isa = PBXTargetDependency;
			target = 1A91456325C4390600DEBFCC /* Udder */;
			targetProxy = 1A91458625C4390800DEBFCC /* PBXContainerItemProxy */;
		};
/* End PBXTargetDependency section */

/* Begin PBXVariantGroup section */
		1A91456D25C4390600DEBFCC /* Main.storyboard */ = {
			isa = PBXVariantGroup;
			children = (
				1A91456E25C4390600DEBFCC /* Base */,
			);
			name = Main.storyboard;
			sourceTree = "<group>";
		};
		1A91457225C4390800DEBFCC /* LaunchScreen.storyboard */ = {
			isa = PBXVariantGroup;
			children = (
				1A91457325C4390800DEBFCC /* Base */,
			);
			name = LaunchScreen.storyboard;
			sourceTree = "<group>";
		};
/* End PBXVariantGroup section */

/* Begin XCBuildConfiguration section */
		1A91458C25C4390800DEBFCC /* Debug */ = {
			isa = XCBuildConfiguration;
			buildSettings = {
				ALWAYS_SEARCH_USER_PATHS = NO;
				CLANG_ANALYZER_NONNULL = YES;
				CLANG_ANALYZER_NUMBER_OBJECT_CONVERSION = YES_AGGRESSIVE;
				CLANG_CXX_LANGUAGE_STANDARD = "gnu++14";
				CLANG_CXX_LIBRARY = "libc++";
				CLANG_ENABLE_MODULES = YES;
				CLANG_ENABLE_OBJC_ARC = YES;
				CLANG_ENABLE_OBJC_WEAK = YES;
				CLANG_WARN_BLOCK_CAPTURE_AUTORELEASING = YES;
				CLANG_WARN_BOOL_CONVERSION = YES;
				CLANG_WARN_COMMA = YES;
				CLANG_WARN_CONSTANT_CONVERSION = YES;
				CLANG_WARN_DEPRECATED_OBJC_IMPLEMENTATIONS = YES;
				CLANG_WARN_DIRECT_OBJC_ISA_USAGE = YES_ERROR;
				CLANG_WARN_DOCUMENTATION_COMMENTS = YES;
				CLANG_WARN_EMPTY_BODY = YES;
				CLANG_WARN_ENUM_CONVERSION = YES;
				CLANG_WARN_INFINITE_RECURSION = YES;
				CLANG_WARN_INT_CONVERSION = YES;
				CLANG_WARN_NON_LITERAL_NULL_CONVERSION = YES;
				CLANG_WARN_OBJC_IMPLICIT_RETAIN_SELF = YES;
				CLANG_WARN_OBJC_LITERAL_CONVERSION = YES;
				CLANG_WARN_OBJC_ROOT_CLASS = YES_ERROR;
				CLANG_WARN_QUOTED_INCLUDE_IN_FRAMEWORK_HEADER = YES;
				CLANG_WARN_RANGE_LOOP_ANALYSIS = YES;
				CLANG_WARN_STRICT_PROTOTYPES = YES;
				CLANG_WARN_SUSPICIOUS_MOVE = YES;
				CLANG_WARN_UNGUARDED_AVAILABILITY = YES_AGGRESSIVE;
				CLANG_WARN_UNREACHABLE_CODE = YES;
				CLANG_WARN__DUPLICATE_METHOD_MATCH = YES;
				COPY_PHASE_STRIP = NO;
				DEBUG_INFORMATION_FORMAT = dwarf;
				ENABLE_STRICT_OBJC_MSGSEND = YES;
				ENABLE_TESTABILITY = YES;
				GCC_C_LANGUAGE_STANDARD = gnu11;
				GCC_DYNAMIC_NO_PIC = NO;
				GCC_NO_COMMON_BLOCKS = YES;
				GCC_OPTIMIZATION_LEVEL = 0;
				GCC_PREPROCESSOR_DEFINITIONS = (
					"DEBUG=1",
					"$(inherited)",
				);
				GCC_WARN_64_TO_32_BIT_CONVERSION = YES;
				GCC_WARN_ABOUT_RETURN_TYPE = YES_ERROR;
				GCC_WARN_UNDECLARED_SELECTOR = YES;
				GCC_WARN_UNINITIALIZED_AUTOS = YES_AGGRESSIVE;
				GCC_WARN_UNUSED_FUNCTION = YES;
				GCC_WARN_UNUSED_VARIABLE = YES;
				IPHONEOS_DEPLOYMENT_TARGET = 14.3;
				MTL_ENABLE_DEBUG_INFO = INCLUDE_SOURCE;
				MTL_FAST_MATH = YES;
				ONLY_ACTIVE_ARCH = YES;
				SDKROOT = iphoneos;
				SWIFT_ACTIVE_COMPILATION_CONDITIONS = DEBUG;
				SWIFT_OPTIMIZATION_LEVEL = "-Onone";
			};
			name = Debug;
		};
		1A91458D25C4390800DEBFCC /* Release */ = {
			isa = XCBuildConfiguration;
			buildSettings = {
				ALWAYS_SEARCH_USER_PATHS = NO;
				CLANG_ANALYZER_NONNULL = YES;
				CLANG_ANALYZER_NUMBER_OBJECT_CONVERSION = YES_AGGRESSIVE;
				CLANG_CXX_LANGUAGE_STANDARD = "gnu++14";
				CLANG_CXX_LIBRARY = "libc++";
				CLANG_ENABLE_MODULES = YES;
				CLANG_ENABLE_OBJC_ARC = YES;
				CLANG_ENABLE_OBJC_WEAK = YES;
				CLANG_WARN_BLOCK_CAPTURE_AUTORELEASING = YES;
				CLANG_WARN_BOOL_CONVERSION = YES;
				CLANG_WARN_COMMA = YES;
				CLANG_WARN_CONSTANT_CONVERSION = YES;
				CLANG_WARN_DEPRECATED_OBJC_IMPLEMENTATIONS = YES;
				CLANG_WARN_DIRECT_OBJC_ISA_USAGE = YES_ERROR;
				CLANG_WARN_DOCUMENTATION_COMMENTS = YES;
				CLANG_WARN_EMPTY_BODY = YES;
				CLANG_WARN_ENUM_CONVERSION = YES;
				CLANG_WARN_INFINITE_RECURSION = YES;
				CLANG_WARN_INT_CONVERSION = YES;
				CLANG_WARN_NON_LITERAL_NULL_CONVERSION = YES;
				CLANG_WARN_OBJC_IMPLICIT_RETAIN_SELF = YES;
				CLANG_WARN_OBJC_LITERAL_CONVERSION = YES;
				CLANG_WARN_OBJC_ROOT_CLASS = YES_ERROR;
				CLANG_WARN_QUOTED_INCLUDE_IN_FRAMEWORK_HEADER = YES;
				CLANG_WARN_RANGE_LOOP_ANALYSIS = YES;
				CLANG_WARN_STRICT_PROTOTYPES = YES;
				CLANG_WARN_SUSPICIOUS_MOVE = YES;
				CLANG_WARN_UNGUARDED_AVAILABILITY = YES_AGGRESSIVE;
				CLANG_WARN_UNREACHABLE_CODE = YES;
				CLANG_WARN__DUPLICATE_METHOD_MATCH = YES;
				COPY_PHASE_STRIP = NO;
				DEBUG_INFORMATION_FORMAT = "dwarf-with-dsym";
				ENABLE_NS_ASSERTIONS = NO;
				ENABLE_STRICT_OBJC_MSGSEND = YES;
				GCC_C_LANGUAGE_STANDARD = gnu11;
				GCC_NO_COMMON_BLOCKS = YES;
				GCC_WARN_64_TO_32_BIT_CONVERSION = YES;
				GCC_WARN_ABOUT_RETURN_TYPE = YES_ERROR;
				GCC_WARN_UNDECLARED_SELECTOR = YES;
				GCC_WARN_UNINITIALIZED_AUTOS = YES_AGGRESSIVE;
				GCC_WARN_UNUSED_FUNCTION = YES;
				GCC_WARN_UNUSED_VARIABLE = YES;
				IPHONEOS_DEPLOYMENT_TARGET = 14.3;
				MTL_ENABLE_DEBUG_INFO = NO;
				MTL_FAST_MATH = YES;
				SDKROOT = iphoneos;
				SWIFT_COMPILATION_MODE = wholemodule;
				SWIFT_OPTIMIZATION_LEVEL = "-O";
				VALIDATE_PRODUCT = YES;
			};
			name = Release;
		};
		1A91458F25C4390800DEBFCC /* Debug */ = {
			isa = XCBuildConfiguration;
			buildSettings = {
				ASSETCATALOG_COMPILER_APPICON_NAME = AppIcon;
				ASSETCATALOG_COMPILER_GLOBAL_ACCENT_COLOR_NAME = AccentColor;
				CODE_SIGN_STYLE = Automatic;
				INFOPLIST_FILE = Udder/Info.plist;
				LD_RUNPATH_SEARCH_PATHS = (
					"$(inherited)",
					"@executable_path/Frameworks",
				);
				PRODUCT_BUNDLE_IDENTIFIER = com.yurim.Udder;
				PRODUCT_NAME = "$(TARGET_NAME)";
				SWIFT_VERSION = 5.0;
				TARGETED_DEVICE_FAMILY = "1,2";
			};
			name = Debug;
		};
		1A91459025C4390800DEBFCC /* Release */ = {
			isa = XCBuildConfiguration;
			buildSettings = {
				ASSETCATALOG_COMPILER_APPICON_NAME = AppIcon;
				ASSETCATALOG_COMPILER_GLOBAL_ACCENT_COLOR_NAME = AccentColor;
				CODE_SIGN_STYLE = Automatic;
				INFOPLIST_FILE = Udder/Info.plist;
				LD_RUNPATH_SEARCH_PATHS = (
					"$(inherited)",
					"@executable_path/Frameworks",
				);
				PRODUCT_BUNDLE_IDENTIFIER = com.yurim.Udder;
				PRODUCT_NAME = "$(TARGET_NAME)";
				SWIFT_VERSION = 5.0;
				TARGETED_DEVICE_FAMILY = "1,2";
			};
			name = Release;
		};
		1A91459225C4390800DEBFCC /* Debug */ = {
			isa = XCBuildConfiguration;
			buildSettings = {
				ALWAYS_EMBED_SWIFT_STANDARD_LIBRARIES = YES;
				BUNDLE_LOADER = "$(TEST_HOST)";
				CODE_SIGN_STYLE = Automatic;
				INFOPLIST_FILE = UdderTests/Info.plist;
				IPHONEOS_DEPLOYMENT_TARGET = 14.3;
				LD_RUNPATH_SEARCH_PATHS = (
					"$(inherited)",
					"@executable_path/Frameworks",
					"@loader_path/Frameworks",
				);
				PRODUCT_BUNDLE_IDENTIFIER = com.yurim.UdderTests;
				PRODUCT_NAME = "$(TARGET_NAME)";
				SWIFT_VERSION = 5.0;
				TARGETED_DEVICE_FAMILY = "1,2";
				TEST_HOST = "$(BUILT_PRODUCTS_DIR)/Udder.app/Udder";
			};
			name = Debug;
		};
		1A91459325C4390800DEBFCC /* Release */ = {
			isa = XCBuildConfiguration;
			buildSettings = {
				ALWAYS_EMBED_SWIFT_STANDARD_LIBRARIES = YES;
				BUNDLE_LOADER = "$(TEST_HOST)";
				CODE_SIGN_STYLE = Automatic;
				INFOPLIST_FILE = UdderTests/Info.plist;
				IPHONEOS_DEPLOYMENT_TARGET = 14.3;
				LD_RUNPATH_SEARCH_PATHS = (
					"$(inherited)",
					"@executable_path/Frameworks",
					"@loader_path/Frameworks",
				);
				PRODUCT_BUNDLE_IDENTIFIER = com.yurim.UdderTests;
				PRODUCT_NAME = "$(TARGET_NAME)";
				SWIFT_VERSION = 5.0;
				TARGETED_DEVICE_FAMILY = "1,2";
				TEST_HOST = "$(BUILT_PRODUCTS_DIR)/Udder.app/Udder";
			};
			name = Release;
		};
		1A91459525C4390800DEBFCC /* Debug */ = {
			isa = XCBuildConfiguration;
			buildSettings = {
				ALWAYS_EMBED_SWIFT_STANDARD_LIBRARIES = YES;
				CODE_SIGN_STYLE = Automatic;
				INFOPLIST_FILE = UdderUITests/Info.plist;
				LD_RUNPATH_SEARCH_PATHS = (
					"$(inherited)",
					"@executable_path/Frameworks",
					"@loader_path/Frameworks",
				);
				PRODUCT_BUNDLE_IDENTIFIER = com.yurim.UdderUITests;
				PRODUCT_NAME = "$(TARGET_NAME)";
				SWIFT_VERSION = 5.0;
				TARGETED_DEVICE_FAMILY = "1,2";
				TEST_TARGET_NAME = Udder;
			};
			name = Debug;
		};
		1A91459625C4390800DEBFCC /* Release */ = {
			isa = XCBuildConfiguration;
			buildSettings = {
				ALWAYS_EMBED_SWIFT_STANDARD_LIBRARIES = YES;
				CODE_SIGN_STYLE = Automatic;
				INFOPLIST_FILE = UdderUITests/Info.plist;
				LD_RUNPATH_SEARCH_PATHS = (
					"$(inherited)",
					"@executable_path/Frameworks",
					"@loader_path/Frameworks",
				);
				PRODUCT_BUNDLE_IDENTIFIER = com.yurim.UdderUITests;
				PRODUCT_NAME = "$(TARGET_NAME)";
				SWIFT_VERSION = 5.0;
				TARGETED_DEVICE_FAMILY = "1,2";
				TEST_TARGET_NAME = Udder;
			};
			name = Release;
		};
/* End XCBuildConfiguration section */

/* Begin XCConfigurationList section */
		1A91455F25C4390600DEBFCC /* Build configuration list for PBXProject "Udder" */ = {
			isa = XCConfigurationList;
			buildConfigurations = (
				1A91458C25C4390800DEBFCC /* Debug */,
				1A91458D25C4390800DEBFCC /* Release */,
			);
			defaultConfigurationIsVisible = 0;
			defaultConfigurationName = Release;
		};
		1A91458E25C4390800DEBFCC /* Build configuration list for PBXNativeTarget "Udder" */ = {
			isa = XCConfigurationList;
			buildConfigurations = (
				1A91458F25C4390800DEBFCC /* Debug */,
				1A91459025C4390800DEBFCC /* Release */,
			);
			defaultConfigurationIsVisible = 0;
			defaultConfigurationName = Release;
		};
		1A91459125C4390800DEBFCC /* Build configuration list for PBXNativeTarget "UdderTests" */ = {
			isa = XCConfigurationList;
			buildConfigurations = (
				1A91459225C4390800DEBFCC /* Debug */,
				1A91459325C4390800DEBFCC /* Release */,
			);
			defaultConfigurationIsVisible = 0;
			defaultConfigurationName = Release;
		};
		1A91459425C4390800DEBFCC /* Build configuration list for PBXNativeTarget "UdderUITests" */ = {
			isa = XCConfigurationList;
			buildConfigurations = (
				1A91459525C4390800DEBFCC /* Debug */,
				1A91459625C4390800DEBFCC /* Release */,
			);
			defaultConfigurationIsVisible = 0;
			defaultConfigurationName = Release;
		};
/* End XCConfigurationList section */
	};
	rootObject = 1A91455C25C4390600DEBFCC /* Project object */;
}
